
Microsoft Visual Studio Solution File, Format Version 12.00
# Visual Studio 15
VisualStudioVersion = 15.0.28307.1169
MinimumVisualStudioVersion = 10.0.40219.1
Project("{2150E333-8FDC-42A3-9474-1A3956D46DE8}") = "Solution Items", "Solution Items", "{520733E2-D553-4071-9579-B7F6E1750225}"
	ProjectSection(SolutionItems) = preProject
		FoxQBMidi.png = FoxQBMidi.png
		inst.dat = inst.dat
		MIDITST.BAS = MIDITST.BAS
		README.md = README.md
	EndProjectSection
EndProject
Global
	GlobalSection(SolutionProperties) = preSolution
		HideSolutionNode = FALSE
	EndGlobalSection
	GlobalSection(ExtensibilityGlobals) = postSolution
		SolutionGuid = {801505D8-31ED-40D2-99B5-7B763F681018}
	EndGlobalSection
EndGlobal
